
Microsoft Visual Studio Solution File, Format Version 12.00
# Visual Studio Version 17
VisualStudioVersion = 17.10.35122.118
MinimumVisualStudioVersion = 10.0.40219.1
Project("{FAE04EC0-301F-11D3-BF4B-00C04F79EFBC}") = "MVCReview", "MVCReview.csproj", "{BEC87EB2-07A6-4AEC-B59A-F3743030A859}"
EndProject
Global
	GlobalSection(SolutionConfigurationPlatforms) = preSolution
		Debug|Any CPU = Debug|Any CPU
		Release|Any CPU = Release|Any CPU
	EndGlobalSection
	GlobalSection(ProjectConfigurationPlatforms) = postSolution
		{BEC87EB2-07A6-4AEC-B59A-F3743030A859}.Debug|Any CPU.ActiveCfg = Debug|Any CPU
		{BEC87EB2-07A6-4AEC-B59A-F3743030A859}.Debug|Any CPU.Build.0 = Debug|Any CPU
		{BEC87EB2-07A6-4AEC-B59A-F3743030A859}.Release|Any CPU.ActiveCfg = Release|Any CPU
		{BEC87EB2-07A6-4AEC-B59A-F3743030A859}.Release|Any CPU.Build.0 = Release|Any CPU
	EndGlobalSection
	GlobalSection(SolutionProperties) = preSolution
		HideSolutionNode = FALSE
	EndGlobalSection
	GlobalSection(ExtensibilityGlobals) = postSolution
		SolutionGuid = {B07E3AC7-4AFB-4EE1-87DF-996D37F1578E}
	EndGlobalSection
EndGlobal
